// !$*UTF8*$!
{
	archiveVersion = 1;
	classes = {
	};
	objectVersion = 46;
	objects = {

/* Begin PBXBuildFile section */
		D80DCB421981CBC700741F50 /* ObjectSplitterVehicleCounter.cpp in Sources */ = {isa = PBXBuildFile; fileRef = D8E9E622197A388700D19A7A /* ObjectSplitterVehicleCounter.cpp */; };
		D80DCB431981CBC700741F50 /* ImageEnhancer.cpp in Sources */ = {isa = PBXBuildFile; fileRef = D8E9E6081974B05100D19A7A /* ImageEnhancer.cpp */; };
		D80DCB441981CBC700741F50 /* VehicleTracking.cpp in Sources */ = {isa = PBXBuildFile; fileRef = D8E9E625197B329E00D19A7A /* VehicleTracking.cpp */; };
		D80DCB451981CBC700741F50 /* BackgroundProcessor.cpp in Sources */ = {isa = PBXBuildFile; fileRef = D8E9E60519748B3100D19A7A /* BackgroundProcessor.cpp */; };
		D80DCB461981CBC700741F50 /* main.cpp in Sources */ = {isa = PBXBuildFile; fileRef = D8E9E5D419744EE000D19A7A /* main.cpp */; };
		D80DCB481981CBC700741F50 /* PixelBasedAdaptiveSegmenter.cpp in Sources */ = {isa = PBXBuildFile; fileRef = D8E9E60E1976159D00D19A7A /* PixelBasedAdaptiveSegmenter.cpp */; };
		D80DCB491981CBC700741F50 /* Resizer.cpp in Sources */ = {isa = PBXBuildFile; fileRef = D8E9E6121977023600D19A7A /* Resizer.cpp */; };
		D80DCB4A1981CBC700741F50 /* PBAS.cpp in Sources */ = {isa = PBXBuildFile; fileRef = D8E9E60C1976159C00D19A7A /* PBAS.cpp */; };
		D80DCB771981CBC700741F50 /* DCVehicleCounter.1 in CopyFiles */ = {isa = PBXBuildFile; fileRef = D8E9E5D619744EE000D19A7A /* DCVehicleCounter.1 */; };
		D82C7A4519983AF100773A8B /* ObjectSplitter.cpp in Sources */ = {isa = PBXBuildFile; fileRef = D8B2FE801995EB7400963785 /* ObjectSplitter.cpp */; };
		D82C7A4619983AF100773A8B /* ObjectSplitter.h in Sources */ = {isa = PBXBuildFile; fileRef = D8B2FE811995EB7400963785 /* ObjectSplitter.h */; };
		D82C7A4919998E3C00773A8B /* SaveLoadConfig.cpp in Sources */ = {isa = PBXBuildFile; fileRef = D82C7A4719998E3C00773A8B /* SaveLoadConfig.cpp */; };
		D82C7A4A19998E3C00773A8B /* SaveLoadConfig.cpp in Sources */ = {isa = PBXBuildFile; fileRef = D82C7A4719998E3C00773A8B /* SaveLoadConfig.cpp */; };
		D846210F198AB6D900B2BD69 /* EdgeDetector.cpp in Sources */ = {isa = PBXBuildFile; fileRef = D846210D198AB6D900B2BD69 /* EdgeDetector.cpp */; };
		D8462110198AB6D900B2BD69 /* EdgeDetector.cpp in Sources */ = {isa = PBXBuildFile; fileRef = D846210D198AB6D900B2BD69 /* EdgeDetector.cpp */; };
		D846211319918D3800B2BD69 /* Blinker.cpp in Sources */ = {isa = PBXBuildFile; fileRef = D846211119918D3800B2BD69 /* Blinker.cpp */; };
		D846211419918D3800B2BD69 /* Blinker.cpp in Sources */ = {isa = PBXBuildFile; fileRef = D846211119918D3800B2BD69 /* Blinker.cpp */; };
		D86335EA19AC3909006A5E55 /* VehicleMerger.cpp in Sources */ = {isa = PBXBuildFile; fileRef = D86335E819AC3909006A5E55 /* VehicleMerger.cpp */; };
		D86335EB19AC3909006A5E55 /* VehicleMerger.cpp in Sources */ = {isa = PBXBuildFile; fileRef = D86335E819AC3909006A5E55 /* VehicleMerger.cpp */; };
		D86335EE19AD17F0006A5E55 /* DayNonJamProcessor.cpp in Sources */ = {isa = PBXBuildFile; fileRef = D86335EC19AD17F0006A5E55 /* DayNonJamProcessor.cpp */; };
		D86335EF19AD17F0006A5E55 /* DayNonJamProcessor.cpp in Sources */ = {isa = PBXBuildFile; fileRef = D86335EC19AD17F0006A5E55 /* DayNonJamProcessor.cpp */; };
		D8AC35AD19A0497700F2766C /* libopencv_calib3d.2.4.9.dylib in Frameworks */ = {isa = PBXBuildFile; fileRef = D8AC359B19A0497700F2766C /* libopencv_calib3d.2.4.9.dylib */; };
		D8AC35AE19A0497700F2766C /* libopencv_calib3d.2.4.9.dylib in Frameworks */ = {isa = PBXBuildFile; fileRef = D8AC359B19A0497700F2766C /* libopencv_calib3d.2.4.9.dylib */; };
		D8AC35AF19A0497700F2766C /* libopencv_contrib.2.4.9.dylib in Frameworks */ = {isa = PBXBuildFile; fileRef = D8AC359C19A0497700F2766C /* libopencv_contrib.2.4.9.dylib */; };
		D8AC35B019A0497700F2766C /* libopencv_contrib.2.4.9.dylib in Frameworks */ = {isa = PBXBuildFile; fileRef = D8AC359C19A0497700F2766C /* libopencv_contrib.2.4.9.dylib */; };
		D8AC35B119A0497700F2766C /* libopencv_core.2.4.9.dylib in Frameworks */ = {isa = PBXBuildFile; fileRef = D8AC359D19A0497700F2766C /* libopencv_core.2.4.9.dylib */; };
		D8AC35B219A0497700F2766C /* libopencv_core.2.4.9.dylib in Frameworks */ = {isa = PBXBuildFile; fileRef = D8AC359D19A0497700F2766C /* libopencv_core.2.4.9.dylib */; };
		D8AC35B319A0497700F2766C /* libopencv_features2d.2.4.9.dylib in Frameworks */ = {isa = PBXBuildFile; fileRef = D8AC359E19A0497700F2766C /* libopencv_features2d.2.4.9.dylib */; };
		D8AC35B419A0497800F2766C /* libopencv_features2d.2.4.9.dylib in Frameworks */ = {isa = PBXBuildFile; fileRef = D8AC359E19A0497700F2766C /* libopencv_features2d.2.4.9.dylib */; };
		D8AC35B519A0497800F2766C /* libopencv_flann.2.4.9.dylib in Frameworks */ = {isa = PBXBuildFile; fileRef = D8AC359F19A0497700F2766C /* libopencv_flann.2.4.9.dylib */; };
		D8AC35B619A0497800F2766C /* libopencv_flann.2.4.9.dylib in Frameworks */ = {isa = PBXBuildFile; fileRef = D8AC359F19A0497700F2766C /* libopencv_flann.2.4.9.dylib */; };
		D8AC35B719A0497800F2766C /* libopencv_gpu.2.4.9.dylib in Frameworks */ = {isa = PBXBuildFile; fileRef = D8AC35A019A0497700F2766C /* libopencv_gpu.2.4.9.dylib */; };
		D8AC35B819A0497800F2766C /* libopencv_gpu.2.4.9.dylib in Frameworks */ = {isa = PBXBuildFile; fileRef = D8AC35A019A0497700F2766C /* libopencv_gpu.2.4.9.dylib */; };
		D8AC35B919A0497800F2766C /* libopencv_highgui.2.4.9.dylib in Frameworks */ = {isa = PBXBuildFile; fileRef = D8AC35A119A0497700F2766C /* libopencv_highgui.2.4.9.dylib */; };
		D8AC35BA19A0497800F2766C /* libopencv_highgui.2.4.9.dylib in Frameworks */ = {isa = PBXBuildFile; fileRef = D8AC35A119A0497700F2766C /* libopencv_highgui.2.4.9.dylib */; };
		D8AC35BB19A0497800F2766C /* libopencv_imgproc.2.4.9.dylib in Frameworks */ = {isa = PBXBuildFile; fileRef = D8AC35A219A0497700F2766C /* libopencv_imgproc.2.4.9.dylib */; };
		D8AC35BC19A0497800F2766C /* libopencv_imgproc.2.4.9.dylib in Frameworks */ = {isa = PBXBuildFile; fileRef = D8AC35A219A0497700F2766C /* libopencv_imgproc.2.4.9.dylib */; };
		D8AC35BD19A0497800F2766C /* libopencv_legacy.2.4.9.dylib in Frameworks */ = {isa = PBXBuildFile; fileRef = D8AC35A319A0497700F2766C /* libopencv_legacy.2.4.9.dylib */; };
		D8AC35BE19A0497800F2766C /* libopencv_legacy.2.4.9.dylib in Frameworks */ = {isa = PBXBuildFile; fileRef = D8AC35A319A0497700F2766C /* libopencv_legacy.2.4.9.dylib */; };
		D8AC35BF19A0497800F2766C /* libopencv_ml.2.4.9.dylib in Frameworks */ = {isa = PBXBuildFile; fileRef = D8AC35A419A0497700F2766C /* libopencv_ml.2.4.9.dylib */; };
		D8AC35C019A0497800F2766C /* libopencv_ml.2.4.9.dylib in Frameworks */ = {isa = PBXBuildFile; fileRef = D8AC35A419A0497700F2766C /* libopencv_ml.2.4.9.dylib */; };
		D8AC35C119A0497800F2766C /* libopencv_nonfree.2.4.9.dylib in Frameworks */ = {isa = PBXBuildFile; fileRef = D8AC35A519A0497700F2766C /* libopencv_nonfree.2.4.9.dylib */; };
		D8AC35C219A0497800F2766C /* libopencv_nonfree.2.4.9.dylib in Frameworks */ = {isa = PBXBuildFile; fileRef = D8AC35A519A0497700F2766C /* libopencv_nonfree.2.4.9.dylib */; };
		D8AC35C319A0497800F2766C /* libopencv_objdetect.2.4.9.dylib in Frameworks */ = {isa = PBXBuildFile; fileRef = D8AC35A619A0497700F2766C /* libopencv_objdetect.2.4.9.dylib */; };
		D8AC35C419A0497800F2766C /* libopencv_objdetect.2.4.9.dylib in Frameworks */ = {isa = PBXBuildFile; fileRef = D8AC35A619A0497700F2766C /* libopencv_objdetect.2.4.9.dylib */; };
		D8AC35C519A0497800F2766C /* libopencv_ocl.2.4.9.dylib in Frameworks */ = {isa = PBXBuildFile; fileRef = D8AC35A719A0497700F2766C /* libopencv_ocl.2.4.9.dylib */; };
		D8AC35C619A0497800F2766C /* libopencv_ocl.2.4.9.dylib in Frameworks */ = {isa = PBXBuildFile; fileRef = D8AC35A719A0497700F2766C /* libopencv_ocl.2.4.9.dylib */; };
		D8AC35C719A0497800F2766C /* libopencv_photo.2.4.9.dylib in Frameworks */ = {isa = PBXBuildFile; fileRef = D8AC35A819A0497700F2766C /* libopencv_photo.2.4.9.dylib */; };
		D8AC35C819A0497800F2766C /* libopencv_photo.2.4.9.dylib in Frameworks */ = {isa = PBXBuildFile; fileRef = D8AC35A819A0497700F2766C /* libopencv_photo.2.4.9.dylib */; };
		D8AC35C919A0497800F2766C /* libopencv_stitching.2.4.9.dylib in Frameworks */ = {isa = PBXBuildFile; fileRef = D8AC35A919A0497700F2766C /* libopencv_stitching.2.4.9.dylib */; };
		D8AC35CA19A0497800F2766C /* libopencv_stitching.2.4.9.dylib in Frameworks */ = {isa = PBXBuildFile; fileRef = D8AC35A919A0497700F2766C /* libopencv_stitching.2.4.9.dylib */; };
		D8AC35CB19A0497800F2766C /* libopencv_superres.2.4.9.dylib in Frameworks */ = {isa = PBXBuildFile; fileRef = D8AC35AA19A0497700F2766C /* libopencv_superres.2.4.9.dylib */; };
		D8AC35CC19A0497800F2766C /* libopencv_superres.2.4.9.dylib in Frameworks */ = {isa = PBXBuildFile; fileRef = D8AC35AA19A0497700F2766C /* libopencv_superres.2.4.9.dylib */; };
		D8AC35CD19A0497800F2766C /* libopencv_video.2.4.9.dylib in Frameworks */ = {isa = PBXBuildFile; fileRef = D8AC35AB19A0497700F2766C /* libopencv_video.2.4.9.dylib */; };
		D8AC35CE19A0497800F2766C /* libopencv_video.2.4.9.dylib in Frameworks */ = {isa = PBXBuildFile; fileRef = D8AC35AB19A0497700F2766C /* libopencv_video.2.4.9.dylib */; };
		D8AC35CF19A0497800F2766C /* libopencv_videostab.2.4.9.dylib in Frameworks */ = {isa = PBXBuildFile; fileRef = D8AC35AC19A0497700F2766C /* libopencv_videostab.2.4.9.dylib */; };
		D8AC35D019A0497800F2766C /* libopencv_videostab.2.4.9.dylib in Frameworks */ = {isa = PBXBuildFile; fileRef = D8AC35AC19A0497700F2766C /* libopencv_videostab.2.4.9.dylib */; };
		D8B2FE821995EB7400963785 /* ObjectSplitter.cpp in Sources */ = {isa = PBXBuildFile; fileRef = D8B2FE801995EB7400963785 /* ObjectSplitter.cpp */; };
		D8E9E5D519744EE000D19A7A /* main.cpp in Sources */ = {isa = PBXBuildFile; fileRef = D8E9E5D419744EE000D19A7A /* main.cpp */; };
		D8E9E5D719744EE000D19A7A /* DCVehicleCounter.1 in CopyFiles */ = {isa = PBXBuildFile; fileRef = D8E9E5D619744EE000D19A7A /* DCVehicleCounter.1 */; };
		D8E9E60719748B3100D19A7A /* BackgroundProcessor.cpp in Sources */ = {isa = PBXBuildFile; fileRef = D8E9E60519748B3100D19A7A /* BackgroundProcessor.cpp */; };
		D8E9E60A1974B05100D19A7A /* ImageEnhancer.cpp in Sources */ = {isa = PBXBuildFile; fileRef = D8E9E6081974B05100D19A7A /* ImageEnhancer.cpp */; };
		D8E9E6101976159D00D19A7A /* PBAS.cpp in Sources */ = {isa = PBXBuildFile; fileRef = D8E9E60C1976159C00D19A7A /* PBAS.cpp */; };
		D8E9E6111976159D00D19A7A /* PixelBasedAdaptiveSegmenter.cpp in Sources */ = {isa = PBXBuildFile; fileRef = D8E9E60E1976159D00D19A7A /* PixelBasedAdaptiveSegmenter.cpp */; };
		D8E9E6141977023600D19A7A /* Resizer.cpp in Sources */ = {isa = PBXBuildFile; fileRef = D8E9E6121977023600D19A7A /* Resizer.cpp */; };
		D8E9E624197A388700D19A7A /* ObjectSplitterVehicleCounter.cpp in Sources */ = {isa = PBXBuildFile; fileRef = D8E9E622197A388700D19A7A /* ObjectSplitterVehicleCounter.cpp */; };
		D8E9E627197B329E00D19A7A /* VehicleTracking.cpp in Sources */ = {isa = PBXBuildFile; fileRef = D8E9E625197B329E00D19A7A /* VehicleTracking.cpp */; };
/* End PBXBuildFile section */

/* Begin PBXCopyFilesBuildPhase section */
		D80DCB761981CBC700741F50 /* CopyFiles */ = {
			isa = PBXCopyFilesBuildPhase;
			buildActionMask = 2147483647;
			dstPath = /usr/share/man/man1/;
			dstSubfolderSpec = 0;
			files = (
				D80DCB771981CBC700741F50 /* DCVehicleCounter.1 in CopyFiles */,
			);
			runOnlyForDeploymentPostprocessing = 1;
		};
		D8E9E5CF19744EDF00D19A7A /* CopyFiles */ = {
			isa = PBXCopyFilesBuildPhase;
			buildActionMask = 2147483647;
			dstPath = /usr/share/man/man1/;
			dstSubfolderSpec = 0;
			files = (
				D8E9E5D719744EE000D19A7A /* DCVehicleCounter.1 in CopyFiles */,
			);
			runOnlyForDeploymentPostprocessing = 1;
		};
/* End PBXCopyFilesBuildPhase section */

/* Begin PBXFileReference section */
		D80DCB7B1981CBC700741F50 /* DCVC */ = {isa = PBXFileReference; explicitFileType = "compiled.mach-o.executable"; includeInIndex = 0; path = DCVC; sourceTree = BUILT_PRODUCTS_DIR; };
		D82C7A4719998E3C00773A8B /* SaveLoadConfig.cpp */ = {isa = PBXFileReference; fileEncoding = 4; lastKnownFileType = sourcecode.cpp.cpp; path = SaveLoadConfig.cpp; sourceTree = "<group>"; };
		D82C7A4819998E3C00773A8B /* SaveLoadConfig.h */ = {isa = PBXFileReference; fileEncoding = 4; lastKnownFileType = sourcecode.c.h; path = SaveLoadConfig.h; sourceTree = "<group>"; };
		D846210D198AB6D900B2BD69 /* EdgeDetector.cpp */ = {isa = PBXFileReference; fileEncoding = 4; lastKnownFileType = sourcecode.cpp.cpp; path = EdgeDetector.cpp; sourceTree = "<group>"; };
		D846210E198AB6D900B2BD69 /* EdgeDetector.h */ = {isa = PBXFileReference; fileEncoding = 4; lastKnownFileType = sourcecode.c.h; path = EdgeDetector.h; sourceTree = "<group>"; };
		D846211119918D3800B2BD69 /* Blinker.cpp */ = {isa = PBXFileReference; fileEncoding = 4; lastKnownFileType = sourcecode.cpp.cpp; path = Blinker.cpp; sourceTree = "<group>"; };
		D846211219918D3800B2BD69 /* Blinker.h */ = {isa = PBXFileReference; fileEncoding = 4; lastKnownFileType = sourcecode.c.h; path = Blinker.h; sourceTree = "<group>"; };
		D85D674819B76E0C00EA6712 /* debug.h */ = {isa = PBXFileReference; fileEncoding = 4; lastKnownFileType = sourcecode.c.h; path = debug.h; sourceTree = "<group>"; };
		D86335E819AC3909006A5E55 /* VehicleMerger.cpp */ = {isa = PBXFileReference; fileEncoding = 4; lastKnownFileType = sourcecode.cpp.cpp; path = VehicleMerger.cpp; sourceTree = "<group>"; };
		D86335E919AC3909006A5E55 /* VehicleMerger.h */ = {isa = PBXFileReference; fileEncoding = 4; lastKnownFileType = sourcecode.c.h; path = VehicleMerger.h; sourceTree = "<group>"; };
		D86335EC19AD17F0006A5E55 /* DayNonJamProcessor.cpp */ = {isa = PBXFileReference; fileEncoding = 4; lastKnownFileType = sourcecode.cpp.cpp; path = DayNonJamProcessor.cpp; sourceTree = "<group>"; };
		D86335ED19AD17F0006A5E55 /* DayNonJamProcessor.h */ = {isa = PBXFileReference; fileEncoding = 4; lastKnownFileType = sourcecode.c.h; path = DayNonJamProcessor.h; sourceTree = "<group>"; };
		D8AC359B19A0497700F2766C /* libopencv_calib3d.2.4.9.dylib */ = {isa = PBXFileReference; lastKnownFileType = "compiled.mach-o.dylib"; name = libopencv_calib3d.2.4.9.dylib; path = ../../../../../../usr/local/lib/libopencv_calib3d.2.4.9.dylib; sourceTree = "<group>"; };
		D8AC359C19A0497700F2766C /* libopencv_contrib.2.4.9.dylib */ = {isa = PBXFileReference; lastKnownFileType = "compiled.mach-o.dylib"; name = libopencv_contrib.2.4.9.dylib; path = ../../../../../../usr/local/lib/libopencv_contrib.2.4.9.dylib; sourceTree = "<group>"; };
		D8AC359D19A0497700F2766C /* libopencv_core.2.4.9.dylib */ = {isa = PBXFileReference; lastKnownFileType = "compiled.mach-o.dylib"; name = libopencv_core.2.4.9.dylib; path = ../../../../../../usr/local/lib/libopencv_core.2.4.9.dylib; sourceTree = "<group>"; };
		D8AC359E19A0497700F2766C /* libopencv_features2d.2.4.9.dylib */ = {isa = PBXFileReference; lastKnownFileType = "compiled.mach-o.dylib"; name = libopencv_features2d.2.4.9.dylib; path = ../../../../../../usr/local/lib/libopencv_features2d.2.4.9.dylib; sourceTree = "<group>"; };
		D8AC359F19A0497700F2766C /* libopencv_flann.2.4.9.dylib */ = {isa = PBXFileReference; lastKnownFileType = "compiled.mach-o.dylib"; name = libopencv_flann.2.4.9.dylib; path = ../../../../../../usr/local/lib/libopencv_flann.2.4.9.dylib; sourceTree = "<group>"; };
		D8AC35A019A0497700F2766C /* libopencv_gpu.2.4.9.dylib */ = {isa = PBXFileReference; lastKnownFileType = "compiled.mach-o.dylib"; name = libopencv_gpu.2.4.9.dylib; path = ../../../../../../usr/local/lib/libopencv_gpu.2.4.9.dylib; sourceTree = "<group>"; };
		D8AC35A119A0497700F2766C /* libopencv_highgui.2.4.9.dylib */ = {isa = PBXFileReference; lastKnownFileType = "compiled.mach-o.dylib"; name = libopencv_highgui.2.4.9.dylib; path = ../../../../../../usr/local/lib/libopencv_highgui.2.4.9.dylib; sourceTree = "<group>"; };
		D8AC35A219A0497700F2766C /* libopencv_imgproc.2.4.9.dylib */ = {isa = PBXFileReference; lastKnownFileType = "compiled.mach-o.dylib"; name = libopencv_imgproc.2.4.9.dylib; path = ../../../../../../usr/local/lib/libopencv_imgproc.2.4.9.dylib; sourceTree = "<group>"; };
		D8AC35A319A0497700F2766C /* libopencv_legacy.2.4.9.dylib */ = {isa = PBXFileReference; lastKnownFileType = "compiled.mach-o.dylib"; name = libopencv_legacy.2.4.9.dylib; path = ../../../../../../usr/local/lib/libopencv_legacy.2.4.9.dylib; sourceTree = "<group>"; };
		D8AC35A419A0497700F2766C /* libopencv_ml.2.4.9.dylib */ = {isa = PBXFileReference; lastKnownFileType = "compiled.mach-o.dylib"; name = libopencv_ml.2.4.9.dylib; path = ../../../../../../usr/local/lib/libopencv_ml.2.4.9.dylib; sourceTree = "<group>"; };
		D8AC35A519A0497700F2766C /* libopencv_nonfree.2.4.9.dylib */ = {isa = PBXFileReference; lastKnownFileType = "compiled.mach-o.dylib"; name = libopencv_nonfree.2.4.9.dylib; path = ../../../../../../usr/local/lib/libopencv_nonfree.2.4.9.dylib; sourceTree = "<group>"; };
		D8AC35A619A0497700F2766C /* libopencv_objdetect.2.4.9.dylib */ = {isa = PBXFileReference; lastKnownFileType = "compiled.mach-o.dylib"; name = libopencv_objdetect.2.4.9.dylib; path = ../../../../../../usr/local/lib/libopencv_objdetect.2.4.9.dylib; sourceTree = "<group>"; };
		D8AC35A719A0497700F2766C /* libopencv_ocl.2.4.9.dylib */ = {isa = PBXFileReference; lastKnownFileType = "compiled.mach-o.dylib"; name = libopencv_ocl.2.4.9.dylib; path = ../../../../../../usr/local/lib/libopencv_ocl.2.4.9.dylib; sourceTree = "<group>"; };
		D8AC35A819A0497700F2766C /* libopencv_photo.2.4.9.dylib */ = {isa = PBXFileReference; lastKnownFileType = "compiled.mach-o.dylib"; name = libopencv_photo.2.4.9.dylib; path = ../../../../../../usr/local/lib/libopencv_photo.2.4.9.dylib; sourceTree = "<group>"; };
		D8AC35A919A0497700F2766C /* libopencv_stitching.2.4.9.dylib */ = {isa = PBXFileReference; lastKnownFileType = "compiled.mach-o.dylib"; name = libopencv_stitching.2.4.9.dylib; path = ../../../../../../usr/local/lib/libopencv_stitching.2.4.9.dylib; sourceTree = "<group>"; };
		D8AC35AA19A0497700F2766C /* libopencv_superres.2.4.9.dylib */ = {isa = PBXFileReference; lastKnownFileType = "compiled.mach-o.dylib"; name = libopencv_superres.2.4.9.dylib; path = ../../../../../../usr/local/lib/libopencv_superres.2.4.9.dylib; sourceTree = "<group>"; };
		D8AC35AB19A0497700F2766C /* libopencv_video.2.4.9.dylib */ = {isa = PBXFileReference; lastKnownFileType = "compiled.mach-o.dylib"; name = libopencv_video.2.4.9.dylib; path = ../../../../../../usr/local/lib/libopencv_video.2.4.9.dylib; sourceTree = "<group>"; };
		D8AC35AC19A0497700F2766C /* libopencv_videostab.2.4.9.dylib */ = {isa = PBXFileReference; lastKnownFileType = "compiled.mach-o.dylib"; name = libopencv_videostab.2.4.9.dylib; path = ../../../../../../usr/local/lib/libopencv_videostab.2.4.9.dylib; sourceTree = "<group>"; };
		D8B2FE801995EB7400963785 /* ObjectSplitter.cpp */ = {isa = PBXFileReference; fileEncoding = 4; lastKnownFileType = sourcecode.cpp.cpp; path = ObjectSplitter.cpp; sourceTree = "<group>"; };
		D8B2FE811995EB7400963785 /* ObjectSplitter.h */ = {isa = PBXFileReference; fileEncoding = 4; lastKnownFileType = sourcecode.c.h; path = ObjectSplitter.h; sourceTree = "<group>"; };
		D8E9E5D119744EDF00D19A7A /* DCVehicleCounter */ = {isa = PBXFileReference; explicitFileType = "compiled.mach-o.executable"; includeInIndex = 0; path = DCVehicleCounter; sourceTree = BUILT_PRODUCTS_DIR; };
		D8E9E5D419744EE000D19A7A /* main.cpp */ = {isa = PBXFileReference; lastKnownFileType = sourcecode.cpp.cpp; path = main.cpp; sourceTree = "<group>"; };
		D8E9E5D619744EE000D19A7A /* DCVehicleCounter.1 */ = {isa = PBXFileReference; lastKnownFileType = text.man; path = DCVehicleCounter.1; sourceTree = "<group>"; };
		D8E9E60519748B3100D19A7A /* BackgroundProcessor.cpp */ = {isa = PBXFileReference; fileEncoding = 4; lastKnownFileType = sourcecode.cpp.cpp; path = BackgroundProcessor.cpp; sourceTree = "<group>"; };
		D8E9E60619748B3100D19A7A /* BackgroundProcessor.h */ = {isa = PBXFileReference; fileEncoding = 4; lastKnownFileType = sourcecode.c.h; path = BackgroundProcessor.h; sourceTree = "<group>"; };
		D8E9E6081974B05100D19A7A /* ImageEnhancer.cpp */ = {isa = PBXFileReference; fileEncoding = 4; lastKnownFileType = sourcecode.cpp.cpp; path = ImageEnhancer.cpp; sourceTree = "<group>"; };
		D8E9E6091974B05100D19A7A /* ImageEnhancer.h */ = {isa = PBXFileReference; fileEncoding = 4; lastKnownFileType = sourcecode.c.h; path = ImageEnhancer.h; sourceTree = "<group>"; };
		D8E9E60C1976159C00D19A7A /* PBAS.cpp */ = {isa = PBXFileReference; fileEncoding = 4; lastKnownFileType = sourcecode.cpp.cpp; path = PBAS.cpp; sourceTree = "<group>"; };
		D8E9E60D1976159C00D19A7A /* PBAS.h */ = {isa = PBXFileReference; fileEncoding = 4; lastKnownFileType = sourcecode.c.h; path = PBAS.h; sourceTree = "<group>"; };
		D8E9E60E1976159D00D19A7A /* PixelBasedAdaptiveSegmenter.cpp */ = {isa = PBXFileReference; fileEncoding = 4; lastKnownFileType = sourcecode.cpp.cpp; path = PixelBasedAdaptiveSegmenter.cpp; sourceTree = "<group>"; };
		D8E9E60F1976159D00D19A7A /* PixelBasedAdaptiveSegmenter.h */ = {isa = PBXFileReference; fileEncoding = 4; lastKnownFileType = sourcecode.c.h; path = PixelBasedAdaptiveSegmenter.h; sourceTree = "<group>"; };
		D8E9E6121977023600D19A7A /* Resizer.cpp */ = {isa = PBXFileReference; fileEncoding = 4; lastKnownFileType = sourcecode.cpp.cpp; path = Resizer.cpp; sourceTree = "<group>"; };
		D8E9E6131977023600D19A7A /* Resizer.h */ = {isa = PBXFileReference; fileEncoding = 4; lastKnownFileType = sourcecode.c.h; path = Resizer.h; sourceTree = "<group>"; };
		D8E9E6151977034C00D19A7A /* ErrorCodes.h */ = {isa = PBXFileReference; lastKnownFileType = sourcecode.c.h; path = ErrorCodes.h; sourceTree = "<group>"; };
		D8E9E622197A388700D19A7A /* ObjectSplitterVehicleCounter.cpp */ = {isa = PBXFileReference; fileEncoding = 4; lastKnownFileType = sourcecode.cpp.cpp; path = ObjectSplitterVehicleCounter.cpp; sourceTree = "<group>"; };
		D8E9E623197A388700D19A7A /* ObjectSplitterVehicleCounter.h */ = {isa = PBXFileReference; fileEncoding = 4; lastKnownFileType = sourcecode.c.h; path = ObjectSplitterVehicleCounter.h; sourceTree = "<group>"; };
		D8E9E625197B329E00D19A7A /* VehicleTracking.cpp */ = {isa = PBXFileReference; fileEncoding = 4; lastKnownFileType = sourcecode.cpp.cpp; path = VehicleTracking.cpp; sourceTree = "<group>"; };
		D8E9E626197B329E00D19A7A /* VehicleTracking.h */ = {isa = PBXFileReference; fileEncoding = 4; lastKnownFileType = sourcecode.c.h; path = VehicleTracking.h; sourceTree = "<group>"; };
/* End PBXFileReference section */

/* Begin PBXFrameworksBuildPhase section */
		D80DCB4B1981CBC700741F50 /* Frameworks */ = {
			isa = PBXFrameworksBuildPhase;
			buildActionMask = 2147483647;
			files = (
				D8AC35C219A0497800F2766C /* libopencv_nonfree.2.4.9.dylib in Frameworks */,
				D8AC35B219A0497700F2766C /* libopencv_core.2.4.9.dylib in Frameworks */,
				D8AC35CE19A0497800F2766C /* libopencv_video.2.4.9.dylib in Frameworks */,
				D8AC35BA19A0497800F2766C /* libopencv_highgui.2.4.9.dylib in Frameworks */,
				D8AC35CC19A0497800F2766C /* libopencv_superres.2.4.9.dylib in Frameworks */,
				D8AC35C419A0497800F2766C /* libopencv_objdetect.2.4.9.dylib in Frameworks */,
				D8AC35BE19A0497800F2766C /* libopencv_legacy.2.4.9.dylib in Frameworks */,
				D8AC35BC19A0497800F2766C /* libopencv_imgproc.2.4.9.dylib in Frameworks */,
				D8AC35C619A0497800F2766C /* libopencv_ocl.2.4.9.dylib in Frameworks */,
				D8AC35B819A0497800F2766C /* libopencv_gpu.2.4.9.dylib in Frameworks */,
				D8AC35B019A0497700F2766C /* libopencv_contrib.2.4.9.dylib in Frameworks */,
				D8AC35CA19A0497800F2766C /* libopencv_stitching.2.4.9.dylib in Frameworks */,
				D8AC35D019A0497800F2766C /* libopencv_videostab.2.4.9.dylib in Frameworks */,
				D8AC35B419A0497800F2766C /* libopencv_features2d.2.4.9.dylib in Frameworks */,
				D8AC35C019A0497800F2766C /* libopencv_ml.2.4.9.dylib in Frameworks */,
				D8AC35AE19A0497700F2766C /* libopencv_calib3d.2.4.9.dylib in Frameworks */,
				D8AC35B619A0497800F2766C /* libopencv_flann.2.4.9.dylib in Frameworks */,
				D8AC35C819A0497800F2766C /* libopencv_photo.2.4.9.dylib in Frameworks */,
			);
			runOnlyForDeploymentPostprocessing = 0;
		};
		D8E9E5CE19744EDF00D19A7A /* Frameworks */ = {
			isa = PBXFrameworksBuildPhase;
			buildActionMask = 2147483647;
			files = (
				D8AC35C119A0497800F2766C /* libopencv_nonfree.2.4.9.dylib in Frameworks */,
				D8AC35B119A0497700F2766C /* libopencv_core.2.4.9.dylib in Frameworks */,
				D8AC35CD19A0497800F2766C /* libopencv_video.2.4.9.dylib in Frameworks */,
				D8AC35B919A0497800F2766C /* libopencv_highgui.2.4.9.dylib in Frameworks */,
				D8AC35CB19A0497800F2766C /* libopencv_superres.2.4.9.dylib in Frameworks */,
				D8AC35C319A0497800F2766C /* libopencv_objdetect.2.4.9.dylib in Frameworks */,
				D8AC35BD19A0497800F2766C /* libopencv_legacy.2.4.9.dylib in Frameworks */,
				D8AC35BB19A0497800F2766C /* libopencv_imgproc.2.4.9.dylib in Frameworks */,
				D8AC35C519A0497800F2766C /* libopencv_ocl.2.4.9.dylib in Frameworks */,
				D8AC35B719A0497800F2766C /* libopencv_gpu.2.4.9.dylib in Frameworks */,
				D8AC35AF19A0497700F2766C /* libopencv_contrib.2.4.9.dylib in Frameworks */,
				D8AC35C919A0497800F2766C /* libopencv_stitching.2.4.9.dylib in Frameworks */,
				D8AC35CF19A0497800F2766C /* libopencv_videostab.2.4.9.dylib in Frameworks */,
				D8AC35B319A0497700F2766C /* libopencv_features2d.2.4.9.dylib in Frameworks */,
				D8AC35BF19A0497800F2766C /* libopencv_ml.2.4.9.dylib in Frameworks */,
				D8AC35AD19A0497700F2766C /* libopencv_calib3d.2.4.9.dylib in Frameworks */,
				D8AC35B519A0497800F2766C /* libopencv_flann.2.4.9.dylib in Frameworks */,
				D8AC35C719A0497800F2766C /* libopencv_photo.2.4.9.dylib in Frameworks */,
			);
			runOnlyForDeploymentPostprocessing = 0;
		};
/* End PBXFrameworksBuildPhase section */

/* Begin PBXGroup section */
		D8E9E5C819744EDF00D19A7A = {
			isa = PBXGroup;
			children = (
				D8E9E60119744FE700D19A7A /* OpenCVLibs */,
				D8E9E5D319744EDF00D19A7A /* DCVehicleCounter */,
				D8E9E5D219744EDF00D19A7A /* Products */,
			);
			sourceTree = "<group>";
		};
		D8E9E5D219744EDF00D19A7A /* Products */ = {
			isa = PBXGroup;
			children = (
				D8E9E5D119744EDF00D19A7A /* DCVehicleCounter */,
				D80DCB7B1981CBC700741F50 /* DCVC */,
			);
			name = Products;
			sourceTree = "<group>";
		};
		D8E9E5D319744EDF00D19A7A /* DCVehicleCounter */ = {
			isa = PBXGroup;
			children = (
				D8B2FE801995EB7400963785 /* ObjectSplitter.cpp */,
				D8B2FE811995EB7400963785 /* ObjectSplitter.h */,
				D8E9E60B1976159C00D19A7A /* pt */,
				D8E9E5D419744EE000D19A7A /* main.cpp */,
				D8E9E5D619744EE000D19A7A /* DCVehicleCounter.1 */,
				D8E9E60519748B3100D19A7A /* BackgroundProcessor.cpp */,
				D8E9E60619748B3100D19A7A /* BackgroundProcessor.h */,
				D8E9E6081974B05100D19A7A /* ImageEnhancer.cpp */,
				D8E9E6091974B05100D19A7A /* ImageEnhancer.h */,
				D8E9E6121977023600D19A7A /* Resizer.cpp */,
				D8E9E6131977023600D19A7A /* Resizer.h */,
				D8E9E6151977034C00D19A7A /* ErrorCodes.h */,
				D8E9E622197A388700D19A7A /* ObjectSplitterVehicleCounter.cpp */,
				D8E9E623197A388700D19A7A /* ObjectSplitterVehicleCounter.h */,
				D8E9E625197B329E00D19A7A /* VehicleTracking.cpp */,
				D8E9E626197B329E00D19A7A /* VehicleTracking.h */,
				D846210D198AB6D900B2BD69 /* EdgeDetector.cpp */,
				D846210E198AB6D900B2BD69 /* EdgeDetector.h */,
				D846211119918D3800B2BD69 /* Blinker.cpp */,
				D846211219918D3800B2BD69 /* Blinker.h */,
				D82C7A4719998E3C00773A8B /* SaveLoadConfig.cpp */,
				D82C7A4819998E3C00773A8B /* SaveLoadConfig.h */,
				D86335E819AC3909006A5E55 /* VehicleMerger.cpp */,
				D86335E919AC3909006A5E55 /* VehicleMerger.h */,
				D86335EC19AD17F0006A5E55 /* DayNonJamProcessor.cpp */,
				D86335ED19AD17F0006A5E55 /* DayNonJamProcessor.h */,
				D85D674819B76E0C00EA6712 /* debug.h */,
			);
			path = DCVehicleCounter;
			sourceTree = "<group>";
		};
		D8E9E60119744FE700D19A7A /* OpenCVLibs */ = {
			isa = PBXGroup;
			children = (
				D8AC359B19A0497700F2766C /* libopencv_calib3d.2.4.9.dylib */,
				D8AC359C19A0497700F2766C /* libopencv_contrib.2.4.9.dylib */,
				D8AC359D19A0497700F2766C /* libopencv_core.2.4.9.dylib */,
				D8AC359E19A0497700F2766C /* libopencv_features2d.2.4.9.dylib */,
				D8AC359F19A0497700F2766C /* libopencv_flann.2.4.9.dylib */,
				D8AC35A019A0497700F2766C /* libopencv_gpu.2.4.9.dylib */,
				D8AC35A119A0497700F2766C /* libopencv_highgui.2.4.9.dylib */,
				D8AC35A219A0497700F2766C /* libopencv_imgproc.2.4.9.dylib */,
				D8AC35A319A0497700F2766C /* libopencv_legacy.2.4.9.dylib */,
				D8AC35A419A0497700F2766C /* libopencv_ml.2.4.9.dylib */,
				D8AC35A519A0497700F2766C /* libopencv_nonfree.2.4.9.dylib */,
				D8AC35A619A0497700F2766C /* libopencv_objdetect.2.4.9.dylib */,
				D8AC35A719A0497700F2766C /* libopencv_ocl.2.4.9.dylib */,
				D8AC35A819A0497700F2766C /* libopencv_photo.2.4.9.dylib */,
				D8AC35A919A0497700F2766C /* libopencv_stitching.2.4.9.dylib */,
				D8AC35AA19A0497700F2766C /* libopencv_superres.2.4.9.dylib */,
				D8AC35AB19A0497700F2766C /* libopencv_video.2.4.9.dylib */,
				D8AC35AC19A0497700F2766C /* libopencv_videostab.2.4.9.dylib */,
			);
			name = OpenCVLibs;
			sourceTree = "<group>";
		};
		D8E9E60B1976159C00D19A7A /* pt */ = {
			isa = PBXGroup;
			children = (
				D8E9E60C1976159C00D19A7A /* PBAS.cpp */,
				D8E9E60D1976159C00D19A7A /* PBAS.h */,
				D8E9E60E1976159D00D19A7A /* PixelBasedAdaptiveSegmenter.cpp */,
				D8E9E60F1976159D00D19A7A /* PixelBasedAdaptiveSegmenter.h */,
			);
			path = pt;
			sourceTree = "<group>";
		};
/* End PBXGroup section */

/* Begin PBXNativeTarget section */
		D80DCB401981CBC700741F50 /* DCVC */ = {
			isa = PBXNativeTarget;
			buildConfigurationList = D80DCB781981CBC700741F50 /* Build configuration list for PBXNativeTarget "DCVC" */;
			buildPhases = (
				D80DCB411981CBC700741F50 /* Sources */,
				D80DCB4B1981CBC700741F50 /* Frameworks */,
				D80DCB761981CBC700741F50 /* CopyFiles */,
			);
			buildRules = (
			);
			dependencies = (
			);
			name = DCVC;
			productName = DCVehicleCounter;
			productReference = D80DCB7B1981CBC700741F50 /* DCVC */;
			productType = "com.apple.product-type.tool";
		};
		D8E9E5D019744EDF00D19A7A /* DCVehicleCounter */ = {
			isa = PBXNativeTarget;
			buildConfigurationList = D8E9E5DA19744EE000D19A7A /* Build configuration list for PBXNativeTarget "DCVehicleCounter" */;
			buildPhases = (
				D8E9E5CD19744EDF00D19A7A /* Sources */,
				D8E9E5CE19744EDF00D19A7A /* Frameworks */,
				D8E9E5CF19744EDF00D19A7A /* CopyFiles */,
			);
			buildRules = (
			);
			dependencies = (
			);
			name = DCVehicleCounter;
			productName = DCVehicleCounter;
			productReference = D8E9E5D119744EDF00D19A7A /* DCVehicleCounter */;
			productType = "com.apple.product-type.tool";
		};
/* End PBXNativeTarget section */

/* Begin PBXProject section */
		D8E9E5C919744EDF00D19A7A /* Project object */ = {
			isa = PBXProject;
			attributes = {
				LastUpgradeCheck = 0510;
				ORGANIZATIONNAME = DongCheng;
			};
			buildConfigurationList = D8E9E5CC19744EDF00D19A7A /* Build configuration list for PBXProject "DCVehicleCounter" */;
			compatibilityVersion = "Xcode 3.2";
			developmentRegion = English;
			hasScannedForEncodings = 0;
			knownRegions = (
				en,
			);
			mainGroup = D8E9E5C819744EDF00D19A7A;
			productRefGroup = D8E9E5D219744EDF00D19A7A /* Products */;
			projectDirPath = "";
			projectRoot = "";
			targets = (
				D8E9E5D019744EDF00D19A7A /* DCVehicleCounter */,
				D80DCB401981CBC700741F50 /* DCVC */,
			);
		};
/* End PBXProject section */

/* Begin PBXSourcesBuildPhase section */
		D80DCB411981CBC700741F50 /* Sources */ = {
			isa = PBXSourcesBuildPhase;
			buildActionMask = 2147483647;
			files = (
				D82C7A4519983AF100773A8B /* ObjectSplitter.cpp in Sources */,
				D82C7A4619983AF100773A8B /* ObjectSplitter.h in Sources */,
				D8462110198AB6D900B2BD69 /* EdgeDetector.cpp in Sources */,
				D80DCB421981CBC700741F50 /* ObjectSplitterVehicleCounter.cpp in Sources */,
				D80DCB431981CBC700741F50 /* ImageEnhancer.cpp in Sources */,
				D86335EF19AD17F0006A5E55 /* DayNonJamProcessor.cpp in Sources */,
				D846211419918D3800B2BD69 /* Blinker.cpp in Sources */,
				D86335EB19AC3909006A5E55 /* VehicleMerger.cpp in Sources */,
				D80DCB441981CBC700741F50 /* VehicleTracking.cpp in Sources */,
				D80DCB451981CBC700741F50 /* BackgroundProcessor.cpp in Sources */,
				D82C7A4A19998E3C00773A8B /* SaveLoadConfig.cpp in Sources */,
				D80DCB461981CBC700741F50 /* main.cpp in Sources */,
				D80DCB481981CBC700741F50 /* PixelBasedAdaptiveSegmenter.cpp in Sources */,
				D80DCB491981CBC700741F50 /* Resizer.cpp in Sources */,
				D80DCB4A1981CBC700741F50 /* PBAS.cpp in Sources */,
			);
			runOnlyForDeploymentPostprocessing = 0;
		};
		D8E9E5CD19744EDF00D19A7A /* Sources */ = {
			isa = PBXSourcesBuildPhase;
			buildActionMask = 2147483647;
			files = (
				D82C7A4919998E3C00773A8B /* SaveLoadConfig.cpp in Sources */,
				D846210F198AB6D900B2BD69 /* EdgeDetector.cpp in Sources */,
				D86335EE19AD17F0006A5E55 /* DayNonJamProcessor.cpp in Sources */,
				D8B2FE821995EB7400963785 /* ObjectSplitter.cpp in Sources */,
				D86335EA19AC3909006A5E55 /* VehicleMerger.cpp in Sources */,
				D8E9E624197A388700D19A7A /* ObjectSplitterVehicleCounter.cpp in Sources */,
				D8E9E60A1974B05100D19A7A /* ImageEnhancer.cpp in Sources */,
				D846211319918D3800B2BD69 /* Blinker.cpp in Sources */,
				D8E9E627197B329E00D19A7A /* VehicleTracking.cpp in Sources */,
				D8E9E60719748B3100D19A7A /* BackgroundProcessor.cpp in Sources */,
				D8E9E5D519744EE000D19A7A /* main.cpp in Sources */,
				D8E9E6111976159D00D19A7A /* PixelBasedAdaptiveSegmenter.cpp in Sources */,
				D8E9E6141977023600D19A7A /* Resizer.cpp in Sources */,
				D8E9E6101976159D00D19A7A /* PBAS.cpp in Sources */,
			);
			runOnlyForDeploymentPostprocessing = 0;
		};
/* End PBXSourcesBuildPhase section */

/* Begin XCBuildConfiguration section */
		D80DCB791981CBC700741F50 /* Debug */ = {
			isa = XCBuildConfiguration;
			buildSettings = {
				GCC_LINK_WITH_DYNAMIC_LIBRARIES = NO;
				HEADER_SEARCH_PATHS = (
					"$(inherited)",
					/Applications/Xcode.app/Contents/Developer/Toolchains/XcodeDefault.xctoolchain/usr/include,
					"/usr/local/include/**",
				);
				LIBRARY_SEARCH_PATHS = "/usr/local/lib/**";
				OTHER_LDFLAGS = "";
				PRODUCT_NAME = DCVC;
			};
			name = Debug;
		};
		D80DCB7A1981CBC700741F50 /* Release */ = {
			isa = XCBuildConfiguration;
			buildSettings = {
				GCC_LINK_WITH_DYNAMIC_LIBRARIES = NO;
				HEADER_SEARCH_PATHS = (
					"$(inherited)",
					/Applications/Xcode.app/Contents/Developer/Toolchains/XcodeDefault.xctoolchain/usr/include,
					"/usr/local/include/**",
				);
				LIBRARY_SEARCH_PATHS = "/usr/local/lib/**";
				OTHER_LDFLAGS = "";
				PRODUCT_NAME = DCVC;
			};
			name = Release;
		};
		D8E9E5D819744EE000D19A7A /* Debug */ = {
			isa = XCBuildConfiguration;
			buildSettings = {
				ALWAYS_SEARCH_USER_PATHS = NO;
				CLANG_CXX_LANGUAGE_STANDARD = "gnu++0x";
				CLANG_CXX_LIBRARY = "libc++";
				CLANG_ENABLE_MODULES = YES;
				CLANG_ENABLE_OBJC_ARC = YES;
				CLANG_WARN_BOOL_CONVERSION = YES;
				CLANG_WARN_CONSTANT_CONVERSION = YES;
				CLANG_WARN_DIRECT_OBJC_ISA_USAGE = YES_ERROR;
				CLANG_WARN_EMPTY_BODY = YES;
				CLANG_WARN_ENUM_CONVERSION = YES;
				CLANG_WARN_INT_CONVERSION = YES;
				CLANG_WARN_OBJC_ROOT_CLASS = YES_ERROR;
				CLANG_WARN__DUPLICATE_METHOD_MATCH = YES;
				COPY_PHASE_STRIP = NO;
				GCC_C_LANGUAGE_STANDARD = gnu99;
				GCC_DYNAMIC_NO_PIC = NO;
				GCC_ENABLE_OBJC_EXCEPTIONS = YES;
				GCC_OPTIMIZATION_LEVEL = 0;
				GCC_PREPROCESSOR_DEFINITIONS = (
					"DEBUG=1",
					"$(inherited)",
				);
				GCC_SYMBOLS_PRIVATE_EXTERN = NO;
				GCC_WARN_64_TO_32_BIT_CONVERSION = YES;
				GCC_WARN_ABOUT_RETURN_TYPE = YES_ERROR;
				GCC_WARN_UNDECLARED_SELECTOR = YES;
				GCC_WARN_UNINITIALIZED_AUTOS = YES_AGGRESSIVE;
				GCC_WARN_UNUSED_FUNCTION = YES;
				GCC_WARN_UNUSED_VARIABLE = YES;
				MACOSX_DEPLOYMENT_TARGET = 10.9;
				ONLY_ACTIVE_ARCH = YES;
				SDKROOT = macosx;
			};
			name = Debug;
		};
		D8E9E5D919744EE000D19A7A /* Release */ = {
			isa = XCBuildConfiguration;
			buildSettings = {
				ALWAYS_SEARCH_USER_PATHS = NO;
				CLANG_CXX_LANGUAGE_STANDARD = "gnu++0x";
				CLANG_CXX_LIBRARY = "libc++";
				CLANG_ENABLE_MODULES = YES;
				CLANG_ENABLE_OBJC_ARC = YES;
				CLANG_WARN_BOOL_CONVERSION = YES;
				CLANG_WARN_CONSTANT_CONVERSION = YES;
				CLANG_WARN_DIRECT_OBJC_ISA_USAGE = YES_ERROR;
				CLANG_WARN_EMPTY_BODY = YES;
				CLANG_WARN_ENUM_CONVERSION = YES;
				CLANG_WARN_INT_CONVERSION = YES;
				CLANG_WARN_OBJC_ROOT_CLASS = YES_ERROR;
				CLANG_WARN__DUPLICATE_METHOD_MATCH = YES;
				COPY_PHASE_STRIP = YES;
				DEBUG_INFORMATION_FORMAT = "dwarf-with-dsym";
				ENABLE_NS_ASSERTIONS = NO;
				GCC_C_LANGUAGE_STANDARD = gnu99;
				GCC_ENABLE_OBJC_EXCEPTIONS = YES;
				GCC_WARN_64_TO_32_BIT_CONVERSION = YES;
				GCC_WARN_ABOUT_RETURN_TYPE = YES_ERROR;
				GCC_WARN_UNDECLARED_SELECTOR = YES;
				GCC_WARN_UNINITIALIZED_AUTOS = YES_AGGRESSIVE;
				GCC_WARN_UNUSED_FUNCTION = YES;
				GCC_WARN_UNUSED_VARIABLE = YES;
				MACOSX_DEPLOYMENT_TARGET = 10.9;
				SDKROOT = macosx;
			};
			name = Release;
		};
		D8E9E5DB19744EE000D19A7A /* Debug */ = {
			isa = XCBuildConfiguration;
			buildSettings = {
				HEADER_SEARCH_PATHS = (
					"$(inherited)",
					/Applications/Xcode.app/Contents/Developer/Toolchains/XcodeDefault.xctoolchain/usr/include,
					"/usr/local/include/**",
				);
				LIBRARY_SEARCH_PATHS = (
					"/usr/local/lib/**",
					"/Volumes/DATA/work/workplace/Smoker/opencv-2.4.9/3rdparty/lib",
					"$(PROJECT_DIR)/DCVehicleCounter/static_libs",
				);
				PRODUCT_NAME = "$(TARGET_NAME)";
			};
			name = Debug;
		};
		D8E9E5DC19744EE000D19A7A /* Release */ = {
			isa = XCBuildConfiguration;
			buildSettings = {
				HEADER_SEARCH_PATHS = (
					"$(inherited)",
					/Applications/Xcode.app/Contents/Developer/Toolchains/XcodeDefault.xctoolchain/usr/include,
					"/usr/local/include/**",
				);
				LIBRARY_SEARCH_PATHS = (
					"/usr/local/lib/**",
					"/Volumes/DATA/work/workplace/Smoker/opencv-2.4.9/3rdparty/lib",
					"$(PROJECT_DIR)/DCVehicleCounter/static_libs",
				);
				PRODUCT_NAME = "$(TARGET_NAME)";
			};
			name = Release;
		};
/* End XCBuildConfiguration section */

/* Begin XCConfigurationList section */
		D80DCB781981CBC700741F50 /* Build configuration list for PBXNativeTarget "DCVC" */ = {
			isa = XCConfigurationList;
			buildConfigurations = (
				D80DCB791981CBC700741F50 /* Debug */,
				D80DCB7A1981CBC700741F50 /* Release */,
			);
			defaultConfigurationIsVisible = 0;
			defaultConfigurationName = Release;
		};
		D8E9E5CC19744EDF00D19A7A /* Build configuration list for PBXProject "DCVehicleCounter" */ = {
			isa = XCConfigurationList;
			buildConfigurations = (
				D8E9E5D819744EE000D19A7A /* Debug */,
				D8E9E5D919744EE000D19A7A /* Release */,
			);
			defaultConfigurationIsVisible = 0;
			defaultConfigurationName = Release;
		};
		D8E9E5DA19744EE000D19A7A /* Build configuration list for PBXNativeTarget "DCVehicleCounter" */ = {
			isa = XCConfigurationList;
			buildConfigurations = (
				D8E9E5DB19744EE000D19A7A /* Debug */,
				D8E9E5DC19744EE000D19A7A /* Release */,
			);
			defaultConfigurationIsVisible = 0;
			defaultConfigurationName = Release;
		};
/* End XCConfigurationList section */
	};
	rootObject = D8E9E5C919744EDF00D19A7A /* Project object */;
}
